Microsoft Visual Studio Solution File, Format Version 12.00
# Visual Studio Version 17
VisualStudioVersion = 17.5.2.0
MinimumVisualStudioVersion = 10.0.40219.1
Project("{2150E333-8FDC-42A3-9474-1A3956D46DE8}") = "StreamingAssets", "StreamingAssets", "{A0FDE0BE-D1AA-8528-8275-027C8CD5ED6F}"
EndProject
Project("{FAE04EC0-301F-11D3-BF4B-00C04F79EFBC}") = "StellarNetLiteLoadTest", "StreamingAssets\StellarNetLiteLoadTest\StellarNetLiteLoadTest.csproj", "{8A72EB6B-719A-A180-2C3E-EA60F994A64D}"
EndProject
Global
	GlobalSection(SolutionConfigurationPlatforms) = preSolution
		Debug|Any CPU = Debug|Any CPU
		Release|Any CPU = Release|Any CPU
	EndGlobalSection
	GlobalSection(ProjectConfigurationPlatforms) = postSolution
		{8A72EB6B-719A-A180-2C3E-EA60F994A64D}.Debug|Any CPU.ActiveCfg = Debug|Any CPU
		{8A72EB6B-719A-A180-2C3E-EA60F994A64D}.Debug|Any CPU.Build.0 = Debug|Any CPU
		{8A72EB6B-719A-A180-2C3E-EA60F994A64D}.Release|Any CPU.ActiveCfg = Release|Any CPU
		{8A72EB6B-719A-A180-2C3E-EA60F994A64D}.Release|Any CPU.Build.0 = Release|Any CPU
	EndGlobalSection
	GlobalSection(SolutionProperties) = preSolution
		HideSolutionNode = FALSE
	EndGlobalSection
	GlobalSection(NestedProjects) = preSolution
		{8A72EB6B-719A-A180-2C3E-EA60F994A64D} = {A0FDE0BE-D1AA-8528-8275-027C8CD5ED6F}
	EndGlobalSection
	GlobalSection(ExtensibilityGlobals) = postSolution
		SolutionGuid = {2F923A1A-376F-479E-9A5A-B618F0AB52FE}
	EndGlobalSection
EndGlobal
